{
  "nodes": {
    "firefox-addons": {
      "inputs": {
        "flake-utils": "flake-utils",
        "nixpkgs": [
          "nixpkgs"
        ]
      },
      "locked": {
        "dir": "pkgs/firefox-addons",
        "lastModified": 1707115149,
        "narHash": "sha256-RLf0IoNZ55DqtWT5nfYQhAiy+KobFJwSPy6FD9/aKDw=",
        "owner": "rycee",
        "repo": "nur-expressions",
        "rev": "40aeeef09e624cc175c697c94d83544b895277b1",
        "type": "gitlab"
      },
      "original": {
        "dir": "pkgs/firefox-addons",
        "owner": "rycee",
        "repo": "nur-expressions",
        "type": "gitlab"
      }
    },
    "flake-utils": {
      "locked": {
        "lastModified": 1629284811,
        "narHash": "sha256-JHgasjPR0/J1J3DRm4KxM4zTyAj4IOJY8vIl75v/kPI=",
        "owner": "numtide",
        "repo": "flake-utils",
        "rev": "c5d161cc0af116a2e17f54316f0bf43f0819785c",
        "type": "github"
      },
      "original": {
        "owner": "numtide",
        "repo": "flake-utils",
        "type": "github"
      }
    },
    "hardware": {
      "locked": {
        "lastModified": 1706834982,
        "narHash": "sha256-3CfxA7gZ+DVv/N9Pvw61bV5Oe/mWfxYPyVQGqp9TMJA=",
        "owner": "nixos",
        "repo": "nixos-hardware",
        "rev": "83e571bb291161682b9c3ccd48318f115143a550",
        "type": "github"
      },
      "original": {
        "owner": "nixos",
        "repo": "nixos-hardware",
        "type": "github"
      }
    },
    "home-manager": {
      "inputs": {
        "nixpkgs": [
          "nixpkgs"
        ]
      },
      "locked": {
        "lastModified": 1707114923,
        "narHash": "sha256-LDYPWa+BgxHSNEye93SyIPgz5u3RAfh78P9KyO+rQzI=",
        "owner": "nix-community",
        "repo": "home-manager",
        "rev": "afcedcf2c8e424d0465e823cf833eb3adebe1db7",
        "type": "github"
      },
      "original": {
        "owner": "nix-community",
        "repo": "home-manager",
        "type": "github"
      }
    },
    "nixpkgs": {
      "locked": {
        "lastModified": 1706913249,
        "narHash": "sha256-x3M7iV++CsvRXI1fpyFPduGELUckZEhSv0XWnUopAG8=",
        "owner": "nixos",
        "repo": "nixpkgs",
        "rev": "e92b6015881907e698782c77641aa49298330223",
        "type": "github"
      },
      "original": {
        "owner": "nixos",
        "ref": "nixos-unstable",
        "repo": "nixpkgs",
        "type": "github"
      }
    },
    "nixpkgs-stable": {
      "locked": {
        "lastModified": 1706826059,
        "narHash": "sha256-N69Oab+cbt3flLvYv8fYnEHlBsWwdKciNZHUbynVEOA=",
        "owner": "nixos",
        "repo": "nixpkgs",
        "rev": "25e3d4c0d3591c99929b1ec07883177f6ea70c9d",
        "type": "github"
      },
      "original": {
        "owner": "nixos",
        "ref": "nixos-23.11",
        "repo": "nixpkgs",
        "type": "github"
      }
    },
    "root": {
      "inputs": {
        "firefox-addons": "firefox-addons",
        "hardware": "hardware",
        "home-manager": "home-manager",
        "nixpkgs": "nixpkgs",
        "nixpkgs-stable": "nixpkgs-stable"
      }
    }
  },
  "root": "root",
  "version": 7
}
