{
  "nodes": {
    "firefox-addons": {
      "inputs": {
        "flake-utils": "flake-utils",
        "nixpkgs": [
          "nixpkgs"
        ]
      },
      "locked": {
        "dir": "pkgs/firefox-addons",
        "lastModified": 1695441765,
        "narHash": "sha256-s6sNoj2bKX9e7eE870o8Osr0lr3jNWUYkgdmIYQPCs8=",
        "owner": "rycee",
        "repo": "nur-expressions",
        "rev": "e1c9234dd58dfd8bfa7662df27d6124cad190f2a",
        "type": "gitlab"
      },
      "original": {
        "dir": "pkgs/firefox-addons",
        "owner": "rycee",
        "repo": "nur-expressions",
        "type": "gitlab"
      }
    },
    "flake-utils": {
      "locked": {
        "lastModified": 1629284811,
        "narHash": "sha256-JHgasjPR0/J1J3DRm4KxM4zTyAj4IOJY8vIl75v/kPI=",
        "owner": "numtide",
        "repo": "flake-utils",
        "rev": "c5d161cc0af116a2e17f54316f0bf43f0819785c",
        "type": "github"
      },
      "original": {
        "owner": "numtide",
        "repo": "flake-utils",
        "type": "github"
      }
    },
    "hardware": {
      "locked": {
        "lastModified": 1695109627,
        "narHash": "sha256-4rpyoVzmunIG6xWA/EonnSSqC69bDBzciFi6SjBze/0=",
        "owner": "nixos",
        "repo": "nixos-hardware",
        "rev": "cb4dc98f776ddb6af165e6f06b2902efe31ca67a",
        "type": "github"
      },
      "original": {
        "owner": "nixos",
        "repo": "nixos-hardware",
        "type": "github"
      }
    },
    "home-manager": {
      "inputs": {
        "nixpkgs": [
          "nixpkgs"
        ]
      },
      "locked": {
        "lastModified": 1695108154,
        "narHash": "sha256-gSg7UTVtls2yO9lKtP0yb66XBHT1Fx5qZSZbGMpSn2c=",
        "owner": "nix-community",
        "repo": "home-manager",
        "rev": "07682fff75d41f18327a871088d20af2710d4744",
        "type": "github"
      },
      "original": {
        "owner": "nix-community",
        "ref": "release-23.05",
        "repo": "home-manager",
        "type": "github"
      }
    },
    "nixpkgs": {
      "locked": {
        "lastModified": 1695346609,
        "narHash": "sha256-jur+AjgRvablLA2oBvC4FD89zCXttVQDwi6OXk5x/14=",
        "owner": "nixos",
        "repo": "nixpkgs",
        "rev": "e9b4b56e5a20ac322c0c01ccab7ec697ab076ea0",
        "type": "github"
      },
      "original": {
        "owner": "nixos",
        "ref": "nixos-23.05",
        "repo": "nixpkgs",
        "type": "github"
      }
    },
    "nixpkgs-unstable": {
      "locked": {
        "lastModified": 1695145219,
        "narHash": "sha256-Eoe9IHbvmo5wEDeJXKFOpKUwxYJIOxKUesounVccNYk=",
        "owner": "nixos",
        "repo": "nixpkgs",
        "rev": "5ba549eafcf3e33405e5f66decd1a72356632b96",
        "type": "github"
      },
      "original": {
        "owner": "nixos",
        "ref": "nixos-unstable",
        "repo": "nixpkgs",
        "type": "github"
      }
    },
    "root": {
      "inputs": {
        "firefox-addons": "firefox-addons",
        "hardware": "hardware",
        "home-manager": "home-manager",
        "nixpkgs": "nixpkgs",
        "nixpkgs-unstable": "nixpkgs-unstable"
      }
    }
  },
  "root": "root",
  "version": 7
}
